[ "cowboy": {:git, "git://github.com/extend/cowboy.git", "3b4c0588e9bb98307576f7d6e0b52ea434138e62", []},
  "dynamo": {:git, "git://github.com/elixir-lang/dynamo.git", "b44250c2f99a7738b09af8db001256e511452ec0", []},
  "ecto": {:git, "git://github.com/elixir-lang/ecto.git", "a985264eef553de0a327ceb8746e6df1456199c8", []},
  "edate": {:git, "git://github.com/dweldon/edate.git", "640718ee7fde7d5bac0c5d228d0a4acd8712f719", []},
  "eldate": {:git, "git://github.com/rainforestapp/eldate.git", "dbab4d1f30cc3c1143f8ed5134bfbff6b9e59c1a", []},
  "elixir_smtp": {:git, "git://github.com/rainforestapp/elixir_smtp.git", "fdab6d72b69c9e419f519297ca575181cb2652c6", []},
  "gen_smtp": {:git, "git://github.com/Vagabond/gen_smtp.git", "2d75ba1ae5484443c1aae38aec6343f9b6e24870", []},
  "httpotion": {:git, "git://github.com/myfreeweb/httpotion.git", "bc4f83ed0e433db3e1f7dbfb6377210990a35635", []},
  "ibrowse": {:git, "git://github.com/cmullaparthi/ibrowse.git", "208277b69fa9cc1b68f37d1261a77abe6487a677", []},
  "jsex": {:git, "git://github.com/talentdeficit/jsex.git", "e870b17fe168f5cc87505c88e578858532bd0d66", []},
  "jsx": {:git, "git://github.com/talentdeficit/jsx.git", "352d6b21cbec4fe1b66bc7ce3ded67a3b32add2c", [{:tag, "v1.4.2"}]},
  "mimetypes": {:git, "git://github.com/spawngrid/mimetypes.git", "47d37a977a7d633199822bf6b08353007483d00f", []},
  "pgsql": {:git, "git://github.com/semiocast/pgsql.git", "2df33a2925e097aecf28eaefc5bb4c686f347c0e", []},
  "poolboy": {:git, "git://github.com/devinus/poolboy.git", "91b68de43d49bcccf2631016febda70b20d7aa75", []},
  "ranch": {:git, "git://github.com/extend/ranch.git", "4f70a16bbe08e446e8fec248ca345d5f8e7df038", [{:ref, "0.8.4"}]},
  "rebar": {:git, "git://github.com/rebar/rebar.git", "620c4b01c6e59d47e92ea069f8510b8cb482ebae", []} ]
