[ "ecto": {:git, "git://github.com/elixir-lang/ecto.git", "26971e02a5b67d1a7e8a2fb9e3124c160d6a9ca8", []},
  "pgsql": {:git, "git://github.com/semiocast/pgsql.git", "2df33a2925e097aecf28eaefc5bb4c686f347c0e", []},
  "poolboy": {:git, "git://github.com/devinus/poolboy.git", "91b68de43d49bcccf2631016febda70b20d7aa75", []} ]
